
Microsoft Visual Studio Solution File, Format Version 12.00
# Visual Studio Version 16
VisualStudioVersion = 16.0.30204.135
MinimumVisualStudioVersion = 10.0.40219.1
Project("{9A19103F-16F7-4668-BE54-9A1E7A4F7556}") = "ClassLibrary1", "ClassLibrary1\ClassLibrary1.csproj", "{AB09611D-3427-40BB-893B-EC750E0AADAA}"
EndProject
Project("{9A19103F-16F7-4668-BE54-9A1E7A4F7556}") = "ConsoleApp1", "ConsoleApp1\ConsoleApp1.csproj", "{6985E8F6-E394-423E-B5E2-C0E10FE1D674}"
EndProject
Project("{FAE04EC0-301F-11D3-BF4B-00C04F79EFBC}") = "StringLib", "StringLib\StringLib.csproj", "{C198A843-861C-4D72-A16B-CB4084ADB048}"
EndProject
Global
	GlobalSection(SolutionConfigurationPlatforms) = preSolution
		Debug|Any CPU = Debug|Any CPU
		Release|Any CPU = Release|Any CPU
	EndGlobalSection
	GlobalSection(ProjectConfigurationPlatforms) = postSolution
		{AB09611D-3427-40BB-893B-EC750E0AADAA}.Debug|Any CPU.ActiveCfg = Debug|Any CPU
		{AB09611D-3427-40BB-893B-EC750E0AADAA}.Debug|Any CPU.Build.0 = Debug|Any CPU
		{AB09611D-3427-40BB-893B-EC750E0AADAA}.Release|Any CPU.ActiveCfg = Release|Any CPU
		{AB09611D-3427-40BB-893B-EC750E0AADAA}.Release|Any CPU.Build.0 = Release|Any CPU
		{6985E8F6-E394-423E-B5E2-C0E10FE1D674}.Debug|Any CPU.ActiveCfg = Debug|Any CPU
		{6985E8F6-E394-423E-B5E2-C0E10FE1D674}.Debug|Any CPU.Build.0 = Debug|Any CPU
		{6985E8F6-E394-423E-B5E2-C0E10FE1D674}.Release|Any CPU.ActiveCfg = Release|Any CPU
		{6985E8F6-E394-423E-B5E2-C0E10FE1D674}.Release|Any CPU.Build.0 = Release|Any CPU
		{C198A843-861C-4D72-A16B-CB4084ADB048}.Debug|Any CPU.ActiveCfg = Debug|Any CPU
		{C198A843-861C-4D72-A16B-CB4084ADB048}.Debug|Any CPU.Build.0 = Debug|Any CPU
		{C198A843-861C-4D72-A16B-CB4084ADB048}.Release|Any CPU.ActiveCfg = Release|Any CPU
		{C198A843-861C-4D72-A16B-CB4084ADB048}.Release|Any CPU.Build.0 = Release|Any CPU
	EndGlobalSection
	GlobalSection(SolutionProperties) = preSolution
		HideSolutionNode = FALSE
	EndGlobalSection
	GlobalSection(ExtensibilityGlobals) = postSolution
		SolutionGuid = {6E23CCF3-425A-48B2-9218-6EE244B70626}
	EndGlobalSection
EndGlobal
